
Microsoft Visual Studio Solution File, Format Version 12.00
# Visual Studio Version 17
VisualStudioVersion = 17.2.32616.157
MinimumVisualStudioVersion = 10.0.40219.1
Project("{F184B08F-C81C-45F6-A57F-5ABD9991F28F}") = "Plain Craft Launcher 2", "Plain Craft Launcher 2\Plain Craft Launcher 2.vbproj", "{4499F2D2-18EF-4238-B1F0-7BD547AFF925}"
EndProject
Project("{FAE04EC0-301F-11D3-BF4B-00C04F79EFBC}") = "PCL.Test", "PCL.Test\PCL.Test.csproj", "{CECFEF77-5371-4C0B-B40F-A97CF6E0712B}"
EndProject
Project("{FAE04EC0-301F-11D3-BF4B-00C04F79EFBC}") = "PCL.Core", "PCL.Core\PCL.Core.csproj", "{A0C2209D-64FB-4C11-9459-8E86304B6F94}"
EndProject
Global
	GlobalSection(SolutionConfigurationPlatforms) = preSolution
		Beta|AnyCPU = Beta|AnyCPU
		Beta|ARM64 = Beta|ARM64
		Beta|x64 = Beta|x64
		Debug|AnyCPU = Debug|AnyCPU
		Debug|ARM64 = Debug|ARM64
		Debug|x64 = Debug|x64
		Release|AnyCPU = Release|AnyCPU
		Release|ARM64 = Release|ARM64
		Release|x64 = Release|x64
		DebugCI|AnyCPU = DebugCI|AnyCPU
		DebugCI|ARM64 = DebugCI|ARM64
		DebugCI|x64 = DebugCI|x64
	EndGlobalSection
	GlobalSection(ProjectConfigurationPlatforms) = postSolution
		{4499F2D2-18EF-4238-B1F0-7BD547AFF925}.Beta|AnyCPU.ActiveCfg = Beta|AnyCPU
		{4499F2D2-18EF-4238-B1F0-7BD547AFF925}.Beta|AnyCPU.Build.0 = Beta|AnyCPU
		{4499F2D2-18EF-4238-B1F0-7BD547AFF925}.Beta|ARM64.ActiveCfg = Beta|ARM64
		{4499F2D2-18EF-4238-B1F0-7BD547AFF925}.Beta|ARM64.Build.0 = Beta|ARM64
		{4499F2D2-18EF-4238-B1F0-7BD547AFF925}.Beta|x64.ActiveCfg = Beta|x64
		{4499F2D2-18EF-4238-B1F0-7BD547AFF925}.Beta|x64.Build.0 = Beta|x64
		{4499F2D2-18EF-4238-B1F0-7BD547AFF925}.Debug|AnyCPU.ActiveCfg = Debug|AnyCPU
		{4499F2D2-18EF-4238-B1F0-7BD547AFF925}.Debug|AnyCPU.Build.0 = Debug|AnyCPU
		{4499F2D2-18EF-4238-B1F0-7BD547AFF925}.Debug|ARM64.ActiveCfg = Debug|ARM64
		{4499F2D2-18EF-4238-B1F0-7BD547AFF925}.Debug|ARM64.Build.0 = Debug|ARM64
		{4499F2D2-18EF-4238-B1F0-7BD547AFF925}.Debug|x64.ActiveCfg = Debug|x64
		{4499F2D2-18EF-4238-B1F0-7BD547AFF925}.Debug|x64.Build.0 = Debug|x64
		{4499F2D2-18EF-4238-B1F0-7BD547AFF925}.Release|AnyCPU.ActiveCfg = Release|AnyCPU
		{4499F2D2-18EF-4238-B1F0-7BD547AFF925}.Release|AnyCPU.Build.0 = Release|AnyCPU
		{4499F2D2-18EF-4238-B1F0-7BD547AFF925}.Release|ARM64.ActiveCfg = Release|ARM64
		{4499F2D2-18EF-4238-B1F0-7BD547AFF925}.Release|ARM64.Build.0 = Release|ARM64
		{4499F2D2-18EF-4238-B1F0-7BD547AFF925}.Release|x64.ActiveCfg = Release|x64
		{4499F2D2-18EF-4238-B1F0-7BD547AFF925}.Release|x64.Build.0 = Release|x64
		{4499F2D2-18EF-4238-B1F0-7BD547AFF925}.DebugCI|AnyCPU.ActiveCfg = DebugCI|AnyCPU
		{4499F2D2-18EF-4238-B1F0-7BD547AFF925}.DebugCI|AnyCPU.Build.0 = DebugCI|AnyCPU
		{4499F2D2-18EF-4238-B1F0-7BD547AFF925}.DebugCI|ARM64.ActiveCfg = DebugCI|ARM64
		{4499F2D2-18EF-4238-B1F0-7BD547AFF925}.DebugCI|ARM64.Build.0 = DebugCI|ARM64
		{4499F2D2-18EF-4238-B1F0-7BD547AFF925}.DebugCI|x64.ActiveCfg = DebugCI|x64
		{4499F2D2-18EF-4238-B1F0-7BD547AFF925}.DebugCI|x64.Build.0 = DebugCI|x64
		{CECFEF77-5371-4C0B-B40F-A97CF6E0712B}.Beta|AnyCPU.ActiveCfg = Beta|AnyCPU
		{CECFEF77-5371-4C0B-B40F-A97CF6E0712B}.Beta|ARM64.ActiveCfg = Beta|ARM64
		{CECFEF77-5371-4C0B-B40F-A97CF6E0712B}.Beta|x64.ActiveCfg = Beta|x64
		{CECFEF77-5371-4C0B-B40F-A97CF6E0712B}.Debug|AnyCPU.ActiveCfg = Debug|AnyCPU
		{CECFEF77-5371-4C0B-B40F-A97CF6E0712B}.Debug|ARM64.ActiveCfg = Debug|ARM64
		{CECFEF77-5371-4C0B-B40F-A97CF6E0712B}.Debug|x64.ActiveCfg = Debug|x64
		{CECFEF77-5371-4C0B-B40F-A97CF6E0712B}.Release|AnyCPU.ActiveCfg = Release|AnyCPU
		{CECFEF77-5371-4C0B-B40F-A97CF6E0712B}.Release|ARM64.ActiveCfg = Release|ARM64
		{CECFEF77-5371-4C0B-B40F-A97CF6E0712B}.Release|x64.ActiveCfg = Release|x64
		{CECFEF77-5371-4C0B-B40F-A97CF6E0712B}.DebugCI|AnyCPU.ActiveCfg = Debug|AnyCPU
		{CECFEF77-5371-4C0B-B40F-A97CF6E0712B}.DebugCI|ARM64.ActiveCfg = Debug|ARM64
		{CECFEF77-5371-4C0B-B40F-A97CF6E0712B}.DebugCI|x64.ActiveCfg = Debug|x64
		{A0C2209D-64FB-4C11-9459-8E86304B6F94}.Beta|AnyCPU.ActiveCfg = Beta|AnyCPU
		{A0C2209D-64FB-4C11-9459-8E86304B6F94}.Beta|AnyCPU.Build.0 = Beta|AnyCPU
		{A0C2209D-64FB-4C11-9459-8E86304B6F94}.Beta|ARM64.ActiveCfg = Beta|ARM64
		{A0C2209D-64FB-4C11-9459-8E86304B6F94}.Beta|ARM64.Build.0 = Beta|ARM64
		{A0C2209D-64FB-4C11-9459-8E86304B6F94}.Beta|x64.ActiveCfg = Beta|x64
		{A0C2209D-64FB-4C11-9459-8E86304B6F94}.Beta|x64.Build.0 = Beta|x64
		{A0C2209D-64FB-4C11-9459-8E86304B6F94}.Debug|AnyCPU.ActiveCfg = Debug|AnyCPU
		{A0C2209D-64FB-4C11-9459-8E86304B6F94}.Debug|AnyCPU.Build.0 = Debug|AnyCPU
		{A0C2209D-64FB-4C11-9459-8E86304B6F94}.Debug|ARM64.ActiveCfg = Debug|ARM64
		{A0C2209D-64FB-4C11-9459-8E86304B6F94}.Debug|ARM64.Build.0 = Debug|ARM64
		{A0C2209D-64FB-4C11-9459-8E86304B6F94}.Debug|x64.ActiveCfg = Debug|x64
		{A0C2209D-64FB-4C11-9459-8E86304B6F94}.Debug|x64.Build.0 = Debug|x64
		{A0C2209D-64FB-4C11-9459-8E86304B6F94}.Release|AnyCPU.ActiveCfg = Release|AnyCPU
		{A0C2209D-64FB-4C11-9459-8E86304B6F94}.Release|AnyCPU.Build.0 = Release|AnyCPU
		{A0C2209D-64FB-4C11-9459-8E86304B6F94}.Release|ARM64.ActiveCfg = Release|ARM64
		{A0C2209D-64FB-4C11-9459-8E86304B6F94}.Release|ARM64.Build.0 = Release|ARM64
		{A0C2209D-64FB-4C11-9459-8E86304B6F94}.Release|x64.ActiveCfg = Release|x64
		{A0C2209D-64FB-4C11-9459-8E86304B6F94}.Release|x64.Build.0 = Release|x64
		{A0C2209D-64FB-4C11-9459-8E86304B6F94}.DebugCI|AnyCPU.ActiveCfg = CI|AnyCPU
		{A0C2209D-64FB-4C11-9459-8E86304B6F94}.DebugCI|AnyCPU.Build.0 = CI|AnyCPU
		{A0C2209D-64FB-4C11-9459-8E86304B6F94}.DebugCI|ARM64.ActiveCfg = CI|ARM64
		{A0C2209D-64FB-4C11-9459-8E86304B6F94}.DebugCI|ARM64.Build.0 = CI|ARM64
		{A0C2209D-64FB-4C11-9459-8E86304B6F94}.DebugCI|x64.ActiveCfg = CI|x64
		{A0C2209D-64FB-4C11-9459-8E86304B6F94}.DebugCI|x64.Build.0 = CI|x64
	EndGlobalSection
	GlobalSection(SolutionProperties) = preSolution
		HideSolutionNode = FALSE
	EndGlobalSection
	GlobalSection(ExtensibilityGlobals) = postSolution
		SolutionGuid = {838A572E-025C-4A2B-B682-68732EC0FE76}
	EndGlobalSection
	GlobalSection(Performance) = preSolution
		HasPerformanceSessions = true
	EndGlobalSection
	GlobalSection(Performance) = preSolution
		HasPerformanceSessions = true
	EndGlobalSection
EndGlobal
